
Microsoft Visual Studio Solution File, Format Version 12.00
# Visual Studio Version 17
VisualStudioVersion = 17.6.33815.320
MinimumVisualStudioVersion = 10.0.40219.1
Project("{FAE04EC0-301F-11D3-BF4B-00C04F79EFBC}") = "ConsoleApp1", "ConsoleApp1\ConsoleApp1.csproj", "{389718D2-141A-44D5-8EAB-2B5AFAC5B4FB}"
EndProject
Global
	GlobalSection(SolutionConfigurationPlatforms) = preSolution
		Debug|Any CPU = Debug|Any CPU
		Release|Any CPU = Release|Any CPU
	EndGlobalSection
	GlobalSection(ProjectConfigurationPlatforms) = postSolution
		{389718D2-141A-44D5-8EAB-2B5AFAC5B4FB}.Debug|Any CPU.ActiveCfg = Debug|Any CPU
		{389718D2-141A-44D5-8EAB-2B5AFAC5B4FB}.Debug|Any CPU.Build.0 = Debug|Any CPU
		{389718D2-141A-44D5-8EAB-2B5AFAC5B4FB}.Release|Any CPU.ActiveCfg = Release|Any CPU
		{389718D2-141A-44D5-8EAB-2B5AFAC5B4FB}.Release|Any CPU.Build.0 = Release|Any CPU
	EndGlobalSection
	GlobalSection(SolutionProperties) = preSolution
		HideSolutionNode = FALSE
	EndGlobalSection
	GlobalSection(ExtensibilityGlobals) = postSolution
		SolutionGuid = {013A090B-5298-461A-93B0-78EAFD30DEEA}
	EndGlobalSection
EndGlobal
